PODS:
  - EventCenter (1.0.0)
  - Nimble (1.0.0)
  - Quick (0.3.1)

DEPENDENCIES:
  - EventCenter (from `../`)
  - Nimble
  - Quick (~> 0.3.1)

EXTERNAL SOURCES:
  EventCenter:
    :path: "../"

SPEC CHECKSUMS:
  EventCenter: 057f90f1ce1627204467cd7c52574615343e4773
  Nimble: 8bee528e5fcc403653076545db562d2b5db7bb87
  Quick: 824572d3d198d51e52cf4aa722cebf7e59952a35

COCOAPODS: 0.38.2
